{
  "nodes": {
    "nixpkgs": {
      "locked": {
        "lastModified": 1621587461,
        "narHash": "sha256-p3NNDm0CE98BENr5eALnADnffSLi5WZUlaAMCEtNmmM=",
        "owner": "NixOS",
        "repo": "nixpkgs",
        "rev": "50af5ebc0ab5370e538e2cad2ac4144d611aecbe",
        "type": "github"
      },
      "original": {
        "owner": "NixOS",
        "repo": "nixpkgs",
        "type": "github"
      }
    },
    "root": {
      "inputs": {
        "nixpkgs": "nixpkgs",
        "utils": "utils"
      }
    },
    "utils": {
      "locked": {
        "lastModified": 1620759905,
        "narHash": "sha256-WiyWawrgmyN0EdmiHyG2V+fqReiVi8bM9cRdMaKQOFg=",
        "owner": "numtide",
        "repo": "flake-utils",
        "rev": "b543720b25df6ffdfcf9227afafc5b8c1fabfae8",
        "type": "github"
      },
      "original": {
        "owner": "numtide",
        "repo": "flake-utils",
        "type": "github"
      }
    }
  },
  "root": "root",
  "version": 7
}
