{
  "name": "discord-twitter-video-embeds",
  "version": "1.0.0",
  "lockfileVersion": 2,
  "requires": true,
  "packages": {
    "": {
      "version": "1.0.0",
      "license": "MIT",
      "dependencies": {
        "eris": "^0.15.1",
        "node-fetch": "^2.6.1"
      },
      "devDependencies": {
        "@types/node": "^15.6.0"
      }
    },
    "node_modules/@types/node": {
      "version": "15.12.5",
      "dev": true,
      "license": "MIT"
    },
    "node_modules/eris": {
      "version": "0.15.1",
      "resolved": "https://registry.npmjs.org/eris/-/eris-0.15.1.tgz",
      "integrity": "sha512-IQ3BPW6OjgFoqjdh+irPOa1jFlkotk+WNu2GQQ7QAQfbzQEPZgn+F+hpOxfMUXPHOZMX4sPKLkVDkMHAssBYhw==",
      "dependencies": {
        "ws": "^7.2.1"
      },
      "engines": {
        "node": ">=10.4.0"
      },
      "optionalDependencies": {
        "opusscript": "^0.0.8",
        "tweetnacl": "^1.0.1"
      }
    },
    "node_modules/node-fetch": {
      "version": "2.6.1",
      "license": "MIT",
      "engines": {
        "node": "4.x || >=6.0.0"
      }
    },
    "node_modules/opusscript": {
      "version": "0.0.8",
      "license": "MIT",
      "optional": true
    },
    "node_modules/tweetnacl": {
      "version": "1.0.3",
      "license": "Unlicense",
      "optional": true
    },
    "node_modules/ws": {
      "version": "7.5.0",
      "license": "MIT",
      "engines": {
        "node": ">=8.3.0"
      },
      "peerDependencies": {
        "bufferutil": "^4.0.1",
        "utf-8-validate": "^5.0.2"
      },
      "peerDependenciesMeta": {
        "bufferutil": {
          "optional": true
        },
        "utf-8-validate": {
          "optional": true
        }
      }
    }
  },
  "dependencies": {
    "@types/node": {
      "version": "15.12.5",
      "dev": true
    },
    "eris": {
      "version": "0.15.1",
      "resolved": "https://registry.npmjs.org/eris/-/eris-0.15.1.tgz",
      "integrity": "sha512-IQ3BPW6OjgFoqjdh+irPOa1jFlkotk+WNu2GQQ7QAQfbzQEPZgn+F+hpOxfMUXPHOZMX4sPKLkVDkMHAssBYhw==",
      "requires": {
        "opusscript": "^0.0.8",
        "tweetnacl": "^1.0.1",
        "ws": "^7.2.1"
      }
    },
    "node-fetch": {
      "version": "2.6.1"
    },
    "opusscript": {
      "version": "0.0.8",
      "optional": true
    },
    "tweetnacl": {
      "version": "1.0.3",
      "optional": true
    },
    "ws": {
      "version": "7.5.0",
      "requires": {}
    }
  }
}
